
Microsoft Visual Studio Solution File, Format Version 12.00
# Visual Studio Version 17
VisualStudioVersion = 17.9.34728.123
MinimumVisualStudioVersion = 10.0.40219.1
Project("{FAE04EC0-301F-11D3-BF4B-00C04F79EFBC}") = "Steve.AutoMapEntity", "Steve.AutoMapEntity\Steve.AutoMapEntity.csproj", "{55D2BC5A-4FBC-48DC-A1F2-93E3AA3E1086}"
EndProject
Project("{FAE04EC0-301F-11D3-BF4B-00C04F79EFBC}") = "Console.Tests", "Console.Tests\Console.Tests.csproj", "{BD19C4FA-BB3D-4E3C-B08C-55029AEE833A}"
EndProject
Global
	GlobalSection(SolutionConfigurationPlatforms) = preSolution
		Debug|Any CPU = Debug|Any CPU
		Release|Any CPU = Release|Any CPU
	EndGlobalSection
	GlobalSection(ProjectConfigurationPlatforms) = postSolution
		{55D2BC5A-4FBC-48DC-A1F2-93E3AA3E1086}.Debug|Any CPU.ActiveCfg = Debug|Any CPU
		{55D2BC5A-4FBC-48DC-A1F2-93E3AA3E1086}.Debug|Any CPU.Build.0 = Debug|Any CPU
		{55D2BC5A-4FBC-48DC-A1F2-93E3AA3E1086}.Release|Any CPU.ActiveCfg = Release|Any CPU
		{55D2BC5A-4FBC-48DC-A1F2-93E3AA3E1086}.Release|Any CPU.Build.0 = Release|Any CPU
		{BD19C4FA-BB3D-4E3C-B08C-55029AEE833A}.Debug|Any CPU.ActiveCfg = Debug|Any CPU
		{BD19C4FA-BB3D-4E3C-B08C-55029AEE833A}.Debug|Any CPU.Build.0 = Debug|Any CPU
		{BD19C4FA-BB3D-4E3C-B08C-55029AEE833A}.Release|Any CPU.ActiveCfg = Release|Any CPU
		{BD19C4FA-BB3D-4E3C-B08C-55029AEE833A}.Release|Any CPU.Build.0 = Release|Any CPU
	EndGlobalSection
	GlobalSection(SolutionProperties) = preSolution
		HideSolutionNode = FALSE
	EndGlobalSection
	GlobalSection(ExtensibilityGlobals) = postSolution
		SolutionGuid = {72509C93-6811-45F6-B6D0-EF751B4D3293}
	EndGlobalSection
EndGlobal
